
Microsoft Visual Studio Solution File, Format Version 12.00
# Visual Studio 2012
Project("{FAE04EC0-301F-11D3-BF4B-00C04F79EFBC}") = "restworkapi", "restworkapi\restworkapi.csproj", "{D0653F7B-A795-471B-AF8C-54F6607AE22C}"
EndProject
Global
	GlobalSection(SolutionConfigurationPlatforms) = preSolution
		Debug|Any CPU = Debug|Any CPU
		Release|Any CPU = Release|Any CPU
	EndGlobalSection
	GlobalSection(ProjectConfigurationPlatforms) = postSolution
		{D0653F7B-A795-471B-AF8C-54F6607AE22C}.Debug|Any CPU.ActiveCfg = Debug|Any CPU
		{D0653F7B-A795-471B-AF8C-54F6607AE22C}.Debug|Any CPU.Build.0 = Debug|Any CPU
		{D0653F7B-A795-471B-AF8C-54F6607AE22C}.Release|Any CPU.ActiveCfg = Release|Any CPU
		{D0653F7B-A795-471B-AF8C-54F6607AE22C}.Release|Any CPU.Build.0 = Release|Any CPU
	EndGlobalSection
EndGlobal
